
Microsoft Visual Studio Solution File, Format Version 12.00
# Visual Studio Version 17
VisualStudioVersion = 17.3.32819.101
MinimumVisualStudioVersion = 10.0.40219.1
Project("{FAE04EC0-301F-11D3-BF4B-00C04F79EFBC}") = "MethodAssignment", "MethodAssignment\MethodAssignment.csproj", "{45C864CB-6230-45D2-AA52-B1722847EAD7}"
EndProject
Global
	GlobalSection(SolutionConfigurationPlatforms) = preSolution
		Debug|Any CPU = Debug|Any CPU
		Release|Any CPU = Release|Any CPU
	EndGlobalSection
	GlobalSection(ProjectConfigurationPlatforms) = postSolution
		{45C864CB-6230-45D2-AA52-B1722847EAD7}.Debug|Any CPU.ActiveCfg = Debug|Any CPU
		{45C864CB-6230-45D2-AA52-B1722847EAD7}.Debug|Any CPU.Build.0 = Debug|Any CPU
		{45C864CB-6230-45D2-AA52-B1722847EAD7}.Release|Any CPU.ActiveCfg = Release|Any CPU
		{45C864CB-6230-45D2-AA52-B1722847EAD7}.Release|Any CPU.Build.0 = Release|Any CPU
	EndGlobalSection
	GlobalSection(SolutionProperties) = preSolution
		HideSolutionNode = FALSE
	EndGlobalSection
	GlobalSection(ExtensibilityGlobals) = postSolution
		SolutionGuid = {632777E6-9477-4DD2-9787-6EB61DCF8DA8}
	EndGlobalSection
EndGlobal
